
Microsoft Visual Studio Solution File, Format Version 12.00
# Visual Studio Version 16
VisualStudioVersion = 16.0.29609.76
MinimumVisualStudioVersion = 10.0.40219.1
Project("{FAE04EC0-301F-11D3-BF4B-00C04F79EFBC}") = "CarConsumption_DB", "CarConsumption_DB\CarConsumption_DB.csproj", "{23DDF490-98D3-4411-BCBB-B23A4C9F98BD}"
EndProject
Global
	GlobalSection(SolutionConfigurationPlatforms) = preSolution
		Debug|Any CPU = Debug|Any CPU
		Release|Any CPU = Release|Any CPU
	EndGlobalSection
	GlobalSection(ProjectConfigurationPlatforms) = postSolution
		{23DDF490-98D3-4411-BCBB-B23A4C9F98BD}.Debug|Any CPU.ActiveCfg = Debug|Any CPU
		{23DDF490-98D3-4411-BCBB-B23A4C9F98BD}.Debug|Any CPU.Build.0 = Debug|Any CPU
		{23DDF490-98D3-4411-BCBB-B23A4C9F98BD}.Release|Any CPU.ActiveCfg = Release|Any CPU
		{23DDF490-98D3-4411-BCBB-B23A4C9F98BD}.Release|Any CPU.Build.0 = Release|Any CPU
	EndGlobalSection
	GlobalSection(SolutionProperties) = preSolution
		HideSolutionNode = FALSE
	EndGlobalSection
	GlobalSection(ExtensibilityGlobals) = postSolution
		SolutionGuid = {C2359136-78E1-4DE9-90E5-D53396174776}
	EndGlobalSection
EndGlobal
